{
  "nodes": {
    "areofyl-fetch": {
      "inputs": {
        "nixpkgs": [
          "nixpkgs"
        ]
      },
      "locked": {
        "lastModified": 1790020190,
        "narHash": "sha256-gCiEaSiMQND+auhMDCiSdLzj5CXvmYBltEAMRj73szc=",
        "owner": "areofyl",
        "repo": "fetch",
        "rev": "7b19d22c2d8e4b7b2295cc625c9fdf87adcabbcd",
        "type": "github"
      },
      "original": {
        "owner": "areofyl",
        "repo": "fetch",
        "type": "github"
      }
    },
    "claude-code": {
      "inputs": {
        "nixpkgs": "nixpkgs",
        "systems": "systems"
      },
      "locked": {
        "lastModified": 1789790521,
        "narHash": "sha256-bV8YsQ4mV92qwj7kwYH6FFKvECRos8SyrAFvgikXxsY=",
        "owner": "sadjow",
        "repo": "claude-code-nix",
        "rev": "736ada361161f0a3e69844e3918b6e9bc69ed035",
        "type": "github"
      },
      "original": {
        "owner": "sadjow",
        "repo": "claude-code-nix",
        "type": "github"
      }
    },
    "home-manager": {
      "inputs": {
        "nixpkgs": [
          "nixpkgs"
        ]
      },
      "locked": {
        "lastModified": 1789267039,
        "narHash": "sha256-LWiBv9yAYFi2LPbUhDGHPGKYskJQjj2fw12OlyO1uQo=",
        "owner": "nix-community",
        "repo": "home-manager",
        "rev": "ec172013fa62135f58fb58dd17ae9651e8f39727",
        "type": "github"
      },
      "original": {
        "owner": "nix-community",
        "ref": "release-26.05",
        "repo": "home-manager",
        "type": "github"
      }
    },
    "home-manager_2": {
      "inputs": {
        "nixpkgs": [
          "zen-browser",
          "nixpkgs"
        ]
      },
      "locked": {
        "lastModified": 1789430117,
        "narHash": "sha256-t+U1mijItLJ64xZOifpfQ17kpAL73nU7pDI48ScacVc=",
        "owner": "nix-community",
        "repo": "home-manager",
        "rev": "cda90fd8838825c689fde9d3f3b4e937937790df",
        "type": "github"
      },
      "original": {
        "owner": "nix-community",
        "repo": "home-manager",
        "type": "github"
      }
    },
    "nixpkgs": {
      "locked": {
        "lastModified": 1789632929,
        "narHash": "sha256-RjR8AyvGlWuw16XRj7C1YDEw4E27ciuyPeB2nDMzgTU=",
        "owner": "NixOS",
        "repo": "nixpkgs",
        "rev": "a32edd7654519351e48e80372a928df336394670",
        "type": "github"
      },
      "original": {
        "owner": "NixOS",
        "ref": "nixpkgs-unstable",
        "repo": "nixpkgs",
        "type": "github"
      }
    },
    "nixpkgs_2": {
      "locked": {
        "lastModified": 1789885152,
        "narHash": "sha256-lIL3uDaS4Q9Ks6klLrBlDr+XS71sbjMJFSipIp2yPjs=",
        "rev": "6d663c0533ff269008fb84e45930151e37c99db9",
        "type": "tarball",
        "url": "https://releases.nixos.org/nixos/26.05/nixos-26.05.10304.6d663c0533ff/nixexprs.tar.zst"
      },
      "original": {
        "id": "nixpkgs",
        "ref": "nixos-26.05",
        "type": "indirect"
      }
    },
    "root": {
      "inputs": {
        "areofyl-fetch": "areofyl-fetch",
        "claude-code": "claude-code",
        "home-manager": "home-manager",
        "nixpkgs": "nixpkgs_2",
        "spotx-nix": "spotx-nix",
        "zen-browser": "zen-browser"
      }
    },
    "spotx-bash": {
      "flake": false,
      "locked": {
        "lastModified": 1789668608,
        "narHash": "sha256-Rmde6/GxX23kxIwopmk2uUjrvq3sqQZ977BH9hMBnl8=",
        "owner": "SpotX-Official",
        "repo": "SpotX-Bash",
        "rev": "a59489160f5d30eb2aeba4b1da155465d1306cdf",
        "type": "github"
      },
      "original": {
        "owner": "SpotX-Official",
        "repo": "SpotX-Bash",
        "type": "github"
      }
    },
    "spotx-nix": {
      "inputs": {
        "nixpkgs": [
          "nixpkgs"
        ],
        "spotx-bash": "spotx-bash"
      },
      "locked": {
        "lastModified": 1789995034,
        "narHash": "sha256-4YkNSNdHpirkIcHEUcNcPOU/UpaTKlW3I/5X9lyGaqM=",
        "owner": "SpotX-Official",
        "repo": "SpotX-Nix",
        "rev": "f39edb6f78bfd6fae903a2aad5c1eee700f57acd",
        "type": "github"
      },
      "original": {
        "owner": "SpotX-Official",
        "repo": "SpotX-Nix",
        "type": "github"
      }
    },
    "systems": {
      "locked": {
        "lastModified": 1681028828,
        "narHash": "sha256-Vy1rq5AaRuLzOxct8nz4T6wlgyUR7zLU309k9mBC768=",
        "owner": "nix-systems",
        "repo": "default",
        "rev": "da67096a3b9bf56a91d16901293e51ba5b49a27e",
        "type": "github"
      },
      "original": {
        "owner": "nix-systems",
        "repo": "default",
        "type": "github"
      }
    },
    "zen-browser": {
      "inputs": {
        "home-manager": "home-manager_2",
        "nixpkgs": [
          "nixpkgs"
        ]
      },
      "locked": {
        "lastModified": 1789962061,
        "narHash": "sha256-gyzlqZi+R1cq/n/c6vh5Rz10M7QausR/O8v+YGAOyTA=",
        "owner": "0xc000022070",
        "repo": "zen-browser-flake",
        "rev": "1c3a1fcacf97eb3792e9292e3afc0edbfcfa01d4",
        "type": "github"
      },
      "original": {
        "owner": "0xc000022070",
        "repo": "zen-browser-flake",
        "type": "github"
      }
    }
  },
  "root": "root",
  "version": 7
}
